
Microsoft Visual Studio Solution File, Format Version 12.00
# Visual Studio Version 17
VisualStudioVersion = 17.1.32210.238
MinimumVisualStudioVersion = 10.0.40219.1
Project("{8BC9CEB8-8B4A-11D0-8D11-00A0C91BC942}") = "Week02", "Week02\Week02.vcxproj", "{691FE1DC-092A-4645-A167-A5FFEB046826}"
EndProject
Global
	GlobalSection(SolutionConfigurationPlatforms) = preSolution
		Debug|x64 = Debug|x64
		Debug|x86 = Debug|x86
		Release|x64 = Release|x64
		Release|x86 = Release|x86
	EndGlobalSection
	GlobalSection(ProjectConfigurationPlatforms) = postSolution
		{691FE1DC-092A-4645-A167-A5FFEB046826}.Debug|x64.ActiveCfg = Debug|x64
		{691FE1DC-092A-4645-A167-A5FFEB046826}.Debug|x64.Build.0 = Debug|x64
		{691FE1DC-092A-4645-A167-A5FFEB046826}.Debug|x86.ActiveCfg = Debug|Win32
		{691FE1DC-092A-4645-A167-A5FFEB046826}.Debug|x86.Build.0 = Debug|Win32
		{691FE1DC-092A-4645-A167-A5FFEB046826}.Release|x64.ActiveCfg = Release|x64
		{691FE1DC-092A-4645-A167-A5FFEB046826}.Release|x64.Build.0 = Release|x64
		{691FE1DC-092A-4645-A167-A5FFEB046826}.Release|x86.ActiveCfg = Release|Win32
		{691FE1DC-092A-4645-A167-A5FFEB046826}.Release|x86.Build.0 = Release|Win32
	EndGlobalSection
	GlobalSection(SolutionProperties) = preSolution
		HideSolutionNode = FALSE
	EndGlobalSection
	GlobalSection(ExtensibilityGlobals) = postSolution
		SolutionGuid = {BE155067-527A-44F7-A399-7D6EC2D9F8B1}
	EndGlobalSection
EndGlobal
