
Microsoft Visual Studio Solution File, Format Version 12.00
# Visual Studio Version 17
VisualStudioVersion = 17.1.32210.238
MinimumVisualStudioVersion = 10.0.40219.1
Project("{8BC9CEB8-8B4A-11D0-8D11-00A0C91BC942}") = "Week07InClass", "Week07InClass\Week07InClass.vcxproj", "{B77DE755-F269-45FB-B06C-524B04745A2D}"
EndProject
Global
	GlobalSection(SolutionConfigurationPlatforms) = preSolution
		Debug|x64 = Debug|x64
		Debug|x86 = Debug|x86
		Release|x64 = Release|x64
		Release|x86 = Release|x86
	EndGlobalSection
	GlobalSection(ProjectConfigurationPlatforms) = postSolution
		{B77DE755-F269-45FB-B06C-524B04745A2D}.Debug|x64.ActiveCfg = Debug|x64
		{B77DE755-F269-45FB-B06C-524B04745A2D}.Debug|x64.Build.0 = Debug|x64
		{B77DE755-F269-45FB-B06C-524B04745A2D}.Debug|x86.ActiveCfg = Debug|Win32
		{B77DE755-F269-45FB-B06C-524B04745A2D}.Debug|x86.Build.0 = Debug|Win32
		{B77DE755-F269-45FB-B06C-524B04745A2D}.Release|x64.ActiveCfg = Release|x64
		{B77DE755-F269-45FB-B06C-524B04745A2D}.Release|x64.Build.0 = Release|x64
		{B77DE755-F269-45FB-B06C-524B04745A2D}.Release|x86.ActiveCfg = Release|Win32
		{B77DE755-F269-45FB-B06C-524B04745A2D}.Release|x86.Build.0 = Release|Win32
	EndGlobalSection
	GlobalSection(SolutionProperties) = preSolution
		HideSolutionNode = FALSE
	EndGlobalSection
	GlobalSection(ExtensibilityGlobals) = postSolution
		SolutionGuid = {B07DF59F-1383-4B3A-B7CF-D3193931340F}
	EndGlobalSection
EndGlobal
